
Microsoft Visual Studio Solution File, Format Version 12.00
# Visual Studio Version 16
VisualStudioVersion = 16.0.34031.81
MinimumVisualStudioVersion = 10.0.40219.1
Project("{8BC9CEB8-8B4A-11D0-8D11-00A0C91BC942}") = "Project21", "Project21\Project21.vcxproj", "{5156F626-42D9-4473-BD93-76998962A024}"
EndProject
Global
	GlobalSection(SolutionConfigurationPlatforms) = preSolution
		Debug|x64 = Debug|x64
		Debug|x86 = Debug|x86
		Release|x64 = Release|x64
		Release|x86 = Release|x86
	EndGlobalSection
	GlobalSection(ProjectConfigurationPlatforms) = postSolution
		{5156F626-42D9-4473-BD93-76998962A024}.Debug|x64.ActiveCfg = Debug|x64
		{5156F626-42D9-4473-BD93-76998962A024}.Debug|x64.Build.0 = Debug|x64
		{5156F626-42D9-4473-BD93-76998962A024}.Debug|x86.ActiveCfg = Debug|Win32
		{5156F626-42D9-4473-BD93-76998962A024}.Debug|x86.Build.0 = Debug|Win32
		{5156F626-42D9-4473-BD93-76998962A024}.Release|x64.ActiveCfg = Release|x64
		{5156F626-42D9-4473-BD93-76998962A024}.Release|x64.Build.0 = Release|x64
		{5156F626-42D9-4473-BD93-76998962A024}.Release|x86.ActiveCfg = Release|Win32
		{5156F626-42D9-4473-BD93-76998962A024}.Release|x86.Build.0 = Release|Win32
	EndGlobalSection
	GlobalSection(SolutionProperties) = preSolution
		HideSolutionNode = FALSE
	EndGlobalSection
	GlobalSection(ExtensibilityGlobals) = postSolution
		SolutionGuid = {40B17D94-2EDE-4192-82E2-E5D4C1B15C82}
	EndGlobalSection
EndGlobal
